// !$*UTF8*$!
{
	archiveVersion = 1;
	classes = {
	};
	objectVersion = 55;
	objects = {

/* Begin PBXBuildFile section */
		2764F5D227CBDB5B005B46DB /* MOToDoApp.swift in Sources */ = {isa = PBXBuildFile; fileRef = 2764F5D127CBDB5B005B46DB /* MOToDoApp.swift */; };
		2764F5D427CBDB5B005B46DB /* ContentView.swift in Sources */ = {isa = PBXBuildFile; fileRef = 2764F5D327CBDB5B005B46DB /* ContentView.swift */; };
		2764F5D627CBDB5E005B46DB /* Assets.xcassets in Resources */ = {isa = PBXBuildFile; fileRef = 2764F5D527CBDB5E005B46DB /* Assets.xcassets */; };
		2764F5D927CBDB5E005B46DB /* Preview Assets.xcassets in Resources */ = {isa = PBXBuildFile; fileRef = 2764F5D827CBDB5E005B46DB /* Preview Assets.xcassets */; };
		2764F5E127CBDBCC005B46DB /* Stash.xcdatamodeld in Sources */ = {isa = PBXBuildFile; fileRef = 2764F5DF27CBDBCC005B46DB /* Stash.xcdatamodeld */; };
		2764F5E327CBDC54005B46DB /* PersistenceManager.swift in Sources */ = {isa = PBXBuildFile; fileRef = 2764F5E227CBDC54005B46DB /* PersistenceManager.swift */; };
		2764F5E527CBDF2A005B46DB /* ItemsView.swift in Sources */ = {isa = PBXBuildFile; fileRef = 2764F5E427CBDF2A005B46DB /* ItemsView.swift */; };
		2764F5E727CBE189005B46DB /* Item.swift in Sources */ = {isa = PBXBuildFile; fileRef = 2764F5E627CBE189005B46DB /* Item.swift */; };
		2764F5E927CBE4BF005B46DB /* ItemValues.swift in Sources */ = {isa = PBXBuildFile; fileRef = 2764F5E827CBE4BF005B46DB /* ItemValues.swift */; };
		2764F5EB27CBEA1C005B46DB /* AddItemViewModel.swift in Sources */ = {isa = PBXBuildFile; fileRef = 2764F5EA27CBEA1C005B46DB /* AddItemViewModel.swift */; };
		2764F5ED27CBEBE6005B46DB /* ListViewModel.swift in Sources */ = {isa = PBXBuildFile; fileRef = 2764F5EC27CBEBE6005B46DB /* ListViewModel.swift */; };
		2764F5EF27CC0438005B46DB /* ItemView.swift in Sources */ = {isa = PBXBuildFile; fileRef = 2764F5EE27CC0438005B46DB /* ItemView.swift */; };
		2764F5F127CC06E3005B46DB /* AddItemView.swift in Sources */ = {isa = PBXBuildFile; fileRef = 2764F5F027CC06E3005B46DB /* AddItemView.swift */; };
/* End PBXBuildFile section */

/* Begin PBXFileReference section */
		2764F5CE27CBDB5B005B46DB /* MOToDo.app */ = {isa = PBXFileReference; explicitFileType = wrapper.application; includeInIndex = 0; path = MOToDo.app; sourceTree = BUILT_PRODUCTS_DIR; };
		2764F5D127CBDB5B005B46DB /* MOToDoApp.swift */ = {isa = PBXFileReference; lastKnownFileType = sourcecode.swift; path = MOToDoApp.swift; sourceTree = "<group>"; };
		2764F5D327CBDB5B005B46DB /* ContentView.swift */ = {isa = PBXFileReference; lastKnownFileType = sourcecode.swift; path = ContentView.swift; sourceTree = "<group>"; };
		2764F5D527CBDB5E005B46DB /* Assets.xcassets */ = {isa = PBXFileReference; lastKnownFileType = folder.assetcatalog; path = Assets.xcassets; sourceTree = "<group>"; };
		2764F5D827CBDB5E005B46DB /* Preview Assets.xcassets */ = {isa = PBXFileReference; lastKnownFileType = folder.assetcatalog; path = "Preview Assets.xcassets"; sourceTree = "<group>"; };
		2764F5E027CBDBCC005B46DB /* Stash.xcdatamodel */ = {isa = PBXFileReference; lastKnownFileType = wrapper.xcdatamodel; path = Stash.xcdatamodel; sourceTree = "<group>"; };
		2764F5E227CBDC54005B46DB /* PersistenceManager.swift */ = {isa = PBXFileReference; lastKnownFileType = sourcecode.swift; path = PersistenceManager.swift; sourceTree = "<group>"; };
		2764F5E427CBDF2A005B46DB /* ItemsView.swift */ = {isa = PBXFileReference; lastKnownFileType = sourcecode.swift; path = ItemsView.swift; sourceTree = "<group>"; };
		2764F5E627CBE189005B46DB /* Item.swift */ = {isa = PBXFileReference; lastKnownFileType = sourcecode.swift; path = Item.swift; sourceTree = "<group>"; };
		2764F5E827CBE4BF005B46DB /* ItemValues.swift */ = {isa = PBXFileReference; lastKnownFileType = sourcecode.swift; path = ItemValues.swift; sourceTree = "<group>"; };
		2764F5EA27CBEA1C005B46DB /* AddItemViewModel.swift */ = {isa = PBXFileReference; lastKnownFileType = sourcecode.swift; path = AddItemViewModel.swift; sourceTree = "<group>"; };
		2764F5EC27CBEBE6005B46DB /* ListViewModel.swift */ = {isa = PBXFileReference; lastKnownFileType = sourcecode.swift; path = ListViewModel.swift; sourceTree = "<group>"; };
		2764F5EE27CC0438005B46DB /* ItemView.swift */ = {isa = PBXFileReference; lastKnownFileType = sourcecode.swift; path = ItemView.swift; sourceTree = "<group>"; };
		2764F5F027CC06E3005B46DB /* AddItemView.swift */ = {isa = PBXFileReference; lastKnownFileType = sourcecode.swift; path = AddItemView.swift; sourceTree = "<group>"; };
/* End PBXFileReference section */

/* Begin PBXFrameworksBuildPhase section */
		2764F5CB27CBDB5B005B46DB /* Frameworks */ = {
			isa = PBXFrameworksBuildPhase;
			buildActionMask = 2147483647;
			files = (
			);
			runOnlyForDeploymentPostprocessing = 0;
		};
/* End PBXFrameworksBuildPhase section */

/* Begin PBXGroup section */
		2764F5C527CBDB5B005B46DB = {
			isa = PBXGroup;
			children = (
				2764F5D027CBDB5B005B46DB /* MOToDo */,
				2764F5CF27CBDB5B005B46DB /* Products */,
			);
			sourceTree = "<group>";
		};
		2764F5CF27CBDB5B005B46DB /* Products */ = {
			isa = PBXGroup;
			children = (
				2764F5CE27CBDB5B005B46DB /* MOToDo.app */,
			);
			name = Products;
			sourceTree = "<group>";
		};
		2764F5D027CBDB5B005B46DB /* MOToDo */ = {
			isa = PBXGroup;
			children = (
				2764F5D127CBDB5B005B46DB /* MOToDoApp.swift */,
				2764F5E627CBE189005B46DB /* Item.swift */,
				2764F5E827CBE4BF005B46DB /* ItemValues.swift */,
				2764F5D327CBDB5B005B46DB /* ContentView.swift */,
				2764F5EA27CBEA1C005B46DB /* AddItemViewModel.swift */,
				2764F5EC27CBEBE6005B46DB /* ListViewModel.swift */,
				2764F5DF27CBDBCC005B46DB /* Stash.xcdatamodeld */,
				2764F5E227CBDC54005B46DB /* PersistenceManager.swift */,
				2764F5E427CBDF2A005B46DB /* ItemsView.swift */,
				2764F5EE27CC0438005B46DB /* ItemView.swift */,
				2764F5F027CC06E3005B46DB /* AddItemView.swift */,
				2764F5D527CBDB5E005B46DB /* Assets.xcassets */,
				2764F5D727CBDB5E005B46DB /* Preview Content */,
			);
			path = MOToDo;
			sourceTree = "<group>";
		};
		2764F5D727CBDB5E005B46DB /* Preview Content */ = {
			isa = PBXGroup;
			children = (
				2764F5D827CBDB5E005B46DB /* Preview Assets.xcassets */,
			);
			path = "Preview Content";
			sourceTree = "<group>";
		};
/* End PBXGroup section */

/* Begin PBXNativeTarget section */
		2764F5CD27CBDB5B005B46DB /* MOToDo */ = {
			isa = PBXNativeTarget;
			buildConfigurationList = 2764F5DC27CBDB5E005B46DB /* Build configuration list for PBXNativeTarget "MOToDo" */;
			buildPhases = (
				2764F5CA27CBDB5B005B46DB /* Sources */,
				2764F5CB27CBDB5B005B46DB /* Frameworks */,
				2764F5CC27CBDB5B005B46DB /* Resources */,
			);
			buildRules = (
			);
			dependencies = (
			);
			name = MOToDo;
			productName = MOToDo;
			productReference = 2764F5CE27CBDB5B005B46DB /* MOToDo.app */;
			productType = "com.apple.product-type.application";
		};
/* End PBXNativeTarget section */

/* Begin PBXProject section */
		2764F5C627CBDB5B005B46DB /* Project object */ = {
			isa = PBXProject;
			attributes = {
				BuildIndependentTargetsInParallel = 1;
				LastSwiftUpdateCheck = 1320;
				LastUpgradeCheck = 1320;
				TargetAttributes = {
					2764F5CD27CBDB5B005B46DB = {
						CreatedOnToolsVersion = 13.2.1;
					};
				};
			};
			buildConfigurationList = 2764F5C927CBDB5B005B46DB /* Build configuration list for PBXProject "MOToDo" */;
			compatibilityVersion = "Xcode 13.0";
			developmentRegion = en;
			hasScannedForEncodings = 0;
			knownRegions = (
				en,
				Base,
			);
			mainGroup = 2764F5C527CBDB5B005B46DB;
			productRefGroup = 2764F5CF27CBDB5B005B46DB /* Products */;
			projectDirPath = "";
			projectRoot = "";
			targets = (
				2764F5CD27CBDB5B005B46DB /* MOToDo */,
			);
		};
/* End PBXProject section */

/* Begin PBXResourcesBuildPhase section */
		2764F5CC27CBDB5B005B46DB /* Resources */ = {
			isa = PBXResourcesBuildPhase;
			buildActionMask = 2147483647;
			files = (
				2764F5D927CBDB5E005B46DB /* Preview Assets.xcassets in Resources */,
				2764F5D627CBDB5E005B46DB /* Assets.xcassets in Resources */,
			);
			runOnlyForDeploymentPostprocessing = 0;
		};
/* End PBXResourcesBuildPhase section */

/* Begin PBXSourcesBuildPhase section */
		2764F5CA27CBDB5B005B46DB /* Sources */ = {
			isa = PBXSourcesBuildPhase;
			buildActionMask = 2147483647;
			files = (
				2764F5E927CBE4BF005B46DB /* ItemValues.swift in Sources */,
				2764F5E127CBDBCC005B46DB /* Stash.xcdatamodeld in Sources */,
				2764F5D427CBDB5B005B46DB /* ContentView.swift in Sources */,
				2764F5EF27CC0438005B46DB /* ItemView.swift in Sources */,
				2764F5E527CBDF2A005B46DB /* ItemsView.swift in Sources */,
				2764F5D227CBDB5B005B46DB /* MOToDoApp.swift in Sources */,
				2764F5ED27CBEBE6005B46DB /* ListViewModel.swift in Sources */,
				2764F5EB27CBEA1C005B46DB /* AddItemViewModel.swift in Sources */,
				2764F5F127CC06E3005B46DB /* AddItemView.swift in Sources */,
				2764F5E727CBE189005B46DB /* Item.swift in Sources */,
				2764F5E327CBDC54005B46DB /* PersistenceManager.swift in Sources */,
			);
			runOnlyForDeploymentPostprocessing = 0;
		};
/* End PBXSourcesBuildPhase section */

/* Begin XCBuildConfiguration section */
		2764F5DA27CBDB5E005B46DB /* Debug */ = {
			isa = XCBuildConfiguration;
			buildSettings = {
				ALWAYS_SEARCH_USER_PATHS = NO;
				CLANG_ANALYZER_NONNULL = YES;
				CLANG_ANALYZER_NUMBER_OBJECT_CONVERSION = YES_AGGRESSIVE;
				CLANG_CXX_LANGUAGE_STANDARD = "gnu++17";
				CLANG_CXX_LIBRARY = "libc++";
				CLANG_ENABLE_MODULES = YES;
				CLANG_ENABLE_OBJC_ARC = YES;
				CLANG_ENABLE_OBJC_WEAK = YES;
				CLANG_WARN_BLOCK_CAPTURE_AUTORELEASING = YES;
				CLANG_WARN_BOOL_CONVERSION = YES;
				CLANG_WARN_COMMA = YES;
				CLANG_WARN_CONSTANT_CONVERSION = YES;
				CLANG_WARN_DEPRECATED_OBJC_IMPLEMENTATIONS = YES;
				CLANG_WARN_DIRECT_OBJC_ISA_USAGE = YES_ERROR;
				CLANG_WARN_DOCUMENTATION_COMMENTS = YES;
				CLANG_WARN_EMPTY_BODY = YES;
				CLANG_WARN_ENUM_CONVERSION = YES;
				CLANG_WARN_INFINITE_RECURSION = YES;
				CLANG_WARN_INT_CONVERSION = YES;
				CLANG_WARN_NON_LITERAL_NULL_CONVERSION = YES;
				CLANG_WARN_OBJC_IMPLICIT_RETAIN_SELF = YES;
				CLANG_WARN_OBJC_LITERAL_CONVERSION = YES;
				CLANG_WARN_OBJC_ROOT_CLASS = YES_ERROR;
				CLANG_WARN_QUOTED_INCLUDE_IN_FRAMEWORK_HEADER = YES;
				CLANG_WARN_RANGE_LOOP_ANALYSIS = YES;
				CLANG_WARN_STRICT_PROTOTYPES = YES;
				CLANG_WARN_SUSPICIOUS_MOVE = YES;
				CLANG_WARN_UNGUARDED_AVAILABILITY = YES_AGGRESSIVE;
				CLANG_WARN_UNREACHABLE_CODE = YES;
				CLANG_WARN__DUPLICATE_METHOD_MATCH = YES;
				COPY_PHASE_STRIP = NO;
				DEBUG_INFORMATION_FORMAT = dwarf;
				ENABLE_STRICT_OBJC_MSGSEND = YES;
				ENABLE_TESTABILITY = YES;
				GCC_C_LANGUAGE_STANDARD = gnu11;
				GCC_DYNAMIC_NO_PIC = NO;
				GCC_NO_COMMON_BLOCKS = YES;
				GCC_OPTIMIZATION_LEVEL = 0;
				GCC_PREPROCESSOR_DEFINITIONS = (
					"DEBUG=1",
					"$(inherited)",
				);
				GCC_WARN_64_TO_32_BIT_CONVERSION = YES;
				GCC_WARN_ABOUT_RETURN_TYPE = YES_ERROR;
				GCC_WARN_UNDECLARED_SELECTOR = YES;
				GCC_WARN_UNINITIALIZED_AUTOS = YES_AGGRESSIVE;
				GCC_WARN_UNUSED_FUNCTION = YES;
				GCC_WARN_UNUSED_VARIABLE = YES;
				IPHONEOS_DEPLOYMENT_TARGET = 15.2;
				MTL_ENABLE_DEBUG_INFO = INCLUDE_SOURCE;
				MTL_FAST_MATH = YES;
				ONLY_ACTIVE_ARCH = YES;
				SDKROOT = iphoneos;
				SWIFT_ACTIVE_COMPILATION_CONDITIONS = DEBUG;
				SWIFT_OPTIMIZATION_LEVEL = "-Onone";
			};
			name = Debug;
		};
		2764F5DB27CBDB5E005B46DB /* Release */ = {
			isa = XCBuildConfiguration;
			buildSettings = {
				ALWAYS_SEARCH_USER_PATHS = NO;
				CLANG_ANALYZER_NONNULL = YES;
				CLANG_ANALYZER_NUMBER_OBJECT_CONVERSION = YES_AGGRESSIVE;
				CLANG_CXX_LANGUAGE_STANDARD = "gnu++17";
				CLANG_CXX_LIBRARY = "libc++";
				CLANG_ENABLE_MODULES = YES;
				CLANG_ENABLE_OBJC_ARC = YES;
				CLANG_ENABLE_OBJC_WEAK = YES;
				CLANG_WARN_BLOCK_CAPTURE_AUTORELEASING = YES;
				CLANG_WARN_BOOL_CONVERSION = YES;
				CLANG_WARN_COMMA = YES;
				CLANG_WARN_CONSTANT_CONVERSION = YES;
				CLANG_WARN_DEPRECATED_OBJC_IMPLEMENTATIONS = YES;
				CLANG_WARN_DIRECT_OBJC_ISA_USAGE = YES_ERROR;
				CLANG_WARN_DOCUMENTATION_COMMENTS = YES;
				CLANG_WARN_EMPTY_BODY = YES;
				CLANG_WARN_ENUM_CONVERSION = YES;
				CLANG_WARN_INFINITE_RECURSION = YES;
				CLANG_WARN_INT_CONVERSION = YES;
				CLANG_WARN_NON_LITERAL_NULL_CONVERSION = YES;
				CLANG_WARN_OBJC_IMPLICIT_RETAIN_SELF = YES;
				CLANG_WARN_OBJC_LITERAL_CONVERSION = YES;
				CLANG_WARN_OBJC_ROOT_CLASS = YES_ERROR;
				CLANG_WARN_QUOTED_INCLUDE_IN_FRAMEWORK_HEADER = YES;
				CLANG_WARN_RANGE_LOOP_ANALYSIS = YES;
				CLANG_WARN_STRICT_PROTOTYPES = YES;
				CLANG_WARN_SUSPICIOUS_MOVE = YES;
				CLANG_WARN_UNGUARDED_AVAILABILITY = YES_AGGRESSIVE;
				CLANG_WARN_UNREACHABLE_CODE = YES;
				CLANG_WARN__DUPLICATE_METHOD_MATCH = YES;
				COPY_PHASE_STRIP = NO;
				DEBUG_INFORMATION_FORMAT = "dwarf-with-dsym";
				ENABLE_NS_ASSERTIONS = NO;
				ENABLE_STRICT_OBJC_MSGSEND = YES;
				GCC_C_LANGUAGE_STANDARD = gnu11;
				GCC_NO_COMMON_BLOCKS = YES;
				GCC_WARN_64_TO_32_BIT_CONVERSION = YES;
				GCC_WARN_ABOUT_RETURN_TYPE = YES_ERROR;
				GCC_WARN_UNDECLARED_SELECTOR = YES;
				GCC_WARN_UNINITIALIZED_AUTOS = YES_AGGRESSIVE;
				GCC_WARN_UNUSED_FUNCTION = YES;
				GCC_WARN_UNUSED_VARIABLE = YES;
				IPHONEOS_DEPLOYMENT_TARGET = 15.2;
				MTL_ENABLE_DEBUG_INFO = NO;
				MTL_FAST_MATH = YES;
				SDKROOT = iphoneos;
				SWIFT_COMPILATION_MODE = wholemodule;
				SWIFT_OPTIMIZATION_LEVEL = "-O";
				VALIDATE_PRODUCT = YES;
			};
			name = Release;
		};
		2764F5DD27CBDB5E005B46DB /* Debug */ = {
			isa = XCBuildConfiguration;
			buildSettings = {
				ASSETCATALOG_COMPILER_APPICON_NAME = AppIcon;
				ASSETCATALOG_COMPILER_GLOBAL_ACCENT_COLOR_NAME = AccentColor;
				CODE_SIGN_STYLE = Automatic;
				CURRENT_PROJECT_VERSION = 1;
				DEVELOPMENT_ASSET_PATHS = "\"MOToDo/Preview Content\"";
				DEVELOPMENT_TEAM = DH9PAJ5Y3T;
				ENABLE_PREVIEWS = YES;
				GENERATE_INFOPLIST_FILE = YES;
				INFOPLIST_KEY_UIApplicationSceneManifest_Generation = YES;
				INFOPLIST_KEY_UIApplicationSupportsIndirectInputEvents = YES;
				INFOPLIST_KEY_UILaunchScreen_Generation = YES;
				INFOPLIST_KEY_UISupportedInterfaceOrientations_iPad = "UIInterfaceOrientationPortrait UIInterfaceOrientationPortraitUpsideDown UIInterfaceOrientationLandscapeLeft UIInterfaceOrientationLandscapeRight";
				INFOPLIST_KEY_UISupportedInterfaceOrientations_iPhone = "UIInterfaceOrientationPortrait UIInterfaceOrientationLandscapeLeft UIInterfaceOrientationLandscapeRight";
				LD_RUNPATH_SEARCH_PATHS = (
					"$(inherited)",
					"@executable_path/Frameworks",
				);
				MARKETING_VERSION = 1.0;
				PRODUCT_BUNDLE_IDENTIFIER = com.mikeolgren.MOToDo;
				PRODUCT_NAME = "$(TARGET_NAME)";
				SWIFT_EMIT_LOC_STRINGS = YES;
				SWIFT_VERSION = 5.0;
				TARGETED_DEVICE_FAMILY = "1,2";
			};
			name = Debug;
		};
		2764F5DE27CBDB5E005B46DB /* Release */ = {
			isa = XCBuildConfiguration;
			buildSettings = {
				ASSETCATALOG_COMPILER_APPICON_NAME = AppIcon;
				ASSETCATALOG_COMPILER_GLOBAL_ACCENT_COLOR_NAME = AccentColor;
				CODE_SIGN_STYLE = Automatic;
				CURRENT_PROJECT_VERSION = 1;
				DEVELOPMENT_ASSET_PATHS = "\"MOToDo/Preview Content\"";
				DEVELOPMENT_TEAM = DH9PAJ5Y3T;
				ENABLE_PREVIEWS = YES;
				GENERATE_INFOPLIST_FILE = YES;
				INFOPLIST_KEY_UIApplicationSceneManifest_Generation = YES;
				INFOPLIST_KEY_UIApplicationSupportsIndirectInputEvents = YES;
				INFOPLIST_KEY_UILaunchScreen_Generation = YES;
				INFOPLIST_KEY_UISupportedInterfaceOrientations_iPad = "UIInterfaceOrientationPortrait UIInterfaceOrientationPortraitUpsideDown UIInterfaceOrientationLandscapeLeft UIInterfaceOrientationLandscapeRight";
				INFOPLIST_KEY_UISupportedInterfaceOrientations_iPhone = "UIInterfaceOrientationPortrait UIInterfaceOrientationLandscapeLeft UIInterfaceOrientationLandscapeRight";
				LD_RUNPATH_SEARCH_PATHS = (
					"$(inherited)",
					"@executable_path/Frameworks",
				);
				MARKETING_VERSION = 1.0;
				PRODUCT_BUNDLE_IDENTIFIER = com.mikeolgren.MOToDo;
				PRODUCT_NAME = "$(TARGET_NAME)";
				SWIFT_EMIT_LOC_STRINGS = YES;
				SWIFT_VERSION = 5.0;
				TARGETED_DEVICE_FAMILY = "1,2";
			};
			name = Release;
		};
/* End XCBuildConfiguration section */

/* Begin XCConfigurationList section */
		2764F5C927CBDB5B005B46DB /* Build configuration list for PBXProject "MOToDo" */ = {
			isa = XCConfigurationList;
			buildConfigurations = (
				2764F5DA27CBDB5E005B46DB /* Debug */,
				2764F5DB27CBDB5E005B46DB /* Release */,
			);
			defaultConfigurationIsVisible = 0;
			defaultConfigurationName = Release;
		};
		2764F5DC27CBDB5E005B46DB /* Build configuration list for PBXNativeTarget "MOToDo" */ = {
			isa = XCConfigurationList;
			buildConfigurations = (
				2764F5DD27CBDB5E005B46DB /* Debug */,
				2764F5DE27CBDB5E005B46DB /* Release */,
			);
			defaultConfigurationIsVisible = 0;
			defaultConfigurationName = Release;
		};
/* End XCConfigurationList section */

/* Begin XCVersionGroup section */
		2764F5DF27CBDBCC005B46DB /* Stash.xcdatamodeld */ = {
			isa = XCVersionGroup;
			children = (
				2764F5E027CBDBCC005B46DB /* Stash.xcdatamodel */,
			);
			currentVersion = 2764F5E027CBDBCC005B46DB /* Stash.xcdatamodel */;
			path = Stash.xcdatamodeld;
			sourceTree = "<group>";
			versionGroupType = wrapper.xcdatamodel;
		};
/* End XCVersionGroup section */
	};
	rootObject = 2764F5C627CBDB5B005B46DB /* Project object */;
}
